
Microsoft Visual Studio Solution File, Format Version 12.00
# Visual Studio Version 17
VisualStudioVersion = 17.0.31903.59
MinimumVisualStudioVersion = 10.0.40219.1
Project("{2150E333-8FDC-42A3-9474-1A3956D46DE8}") = "src", "src", "{7AF5CA7A-12BB-4D22-AC29-771D5A2FCF37}"
EndProject
Project("{FAE04EC0-301F-11D3-BF4B-00C04F79EFBC}") = "Agon.Domain", "src\Agon.Domain\Agon.Domain.csproj", "{08A38C58-F095-48F8-84D7-5039C378026C}"
EndProject
Project("{2150E333-8FDC-42A3-9474-1A3956D46DE8}") = "tests", "tests", "{608830FA-C561-4AE4-AF48-43C5C5363AB8}"
EndProject
Project("{FAE04EC0-301F-11D3-BF4B-00C04F79EFBC}") = "Agon.Domain.Tests", "tests\Agon.Domain.Tests\Agon.Domain.Tests.csproj", "{295509CF-7253-44DC-95A6-811452C00823}"
EndProject
Project("{FAE04EC0-301F-11D3-BF4B-00C04F79EFBC}") = "Agon.Application", "src\Agon.Application\Agon.Application.csproj", "{0E1A6852-BE20-4FC3-99C8-B1B64EF24A98}"
EndProject
Project("{FAE04EC0-301F-11D3-BF4B-00C04F79EFBC}") = "Agon.Infrastructure", "src\Agon.Infrastructure\Agon.Infrastructure.csproj", "{0032878B-420A-4CA0-B6B9-4427EE5B8A0D}"
EndProject
Project("{FAE04EC0-301F-11D3-BF4B-00C04F79EFBC}") = "Agon.Api", "src\Agon.Api\Agon.Api.csproj", "{967B803C-0095-468F-9DB1-2EBE8587F10F}"
EndProject
Project("{FAE04EC0-301F-11D3-BF4B-00C04F79EFBC}") = "Agon.Application.Tests", "tests\Agon.Application.Tests\Agon.Application.Tests.csproj", "{DC4BBCE8-8EE5-44AF-AC28-807984556A7D}"
EndProject
Project("{FAE04EC0-301F-11D3-BF4B-00C04F79EFBC}") = "Agon.Infrastructure.Tests", "tests\Agon.Infrastructure.Tests\Agon.Infrastructure.Tests.csproj", "{73855B63-A00F-40F1-8616-C81C915E150A}"
EndProject
Project("{FAE04EC0-301F-11D3-BF4B-00C04F79EFBC}") = "Agon.Api.Tests", "tests\Agon.Api.Tests\Agon.Api.Tests.csproj", "{CC8AA844-4FC3-48B9-815D-7EE0F1987F82}"
EndProject
Global
	GlobalSection(SolutionConfigurationPlatforms) = preSolution
		Debug|Any CPU = Debug|Any CPU
		Debug|x64 = Debug|x64
		Debug|x86 = Debug|x86
		Release|Any CPU = Release|Any CPU
		Release|x64 = Release|x64
		Release|x86 = Release|x86
	EndGlobalSection
	GlobalSection(ProjectConfigurationPlatforms) = postSolution
		{08A38C58-F095-48F8-84D7-5039C378026C}.Debug|Any CPU.ActiveCfg = Debug|Any CPU
		{08A38C58-F095-48F8-84D7-5039C378026C}.Debug|Any CPU.Build.0 = Debug|Any CPU
		{08A38C58-F095-48F8-84D7-5039C378026C}.Debug|x64.ActiveCfg = Debug|Any CPU
		{08A38C58-F095-48F8-84D7-5039C378026C}.Debug|x64.Build.0 = Debug|Any CPU
		{08A38C58-F095-48F8-84D7-5039C378026C}.Debug|x86.ActiveCfg = Debug|Any CPU
		{08A38C58-F095-48F8-84D7-5039C378026C}.Debug|x86.Build.0 = Debug|Any CPU
		{08A38C58-F095-48F8-84D7-5039C378026C}.Release|Any CPU.ActiveCfg = Release|Any CPU
		{08A38C58-F095-48F8-84D7-5039C378026C}.Release|Any CPU.Build.0 = Release|Any CPU
		{08A38C58-F095-48F8-84D7-5039C378026C}.Release|x64.ActiveCfg = Release|Any CPU
		{08A38C58-F095-48F8-84D7-5039C378026C}.Release|x64.Build.0 = Release|Any CPU
		{08A38C58-F095-48F8-84D7-5039C378026C}.Release|x86.ActiveCfg = Release|Any CPU
		{08A38C58-F095-48F8-84D7-5039C378026C}.Release|x86.Build.0 = Release|Any CPU
		{295509CF-7253-44DC-95A6-811452C00823}.Debug|Any CPU.ActiveCfg = Debug|Any CPU
		{295509CF-7253-44DC-95A6-811452C00823}.Debug|Any CPU.Build.0 = Debug|Any CPU
		{295509CF-7253-44DC-95A6-811452C00823}.Debug|x64.ActiveCfg = Debug|Any CPU
		{295509CF-7253-44DC-95A6-811452C00823}.Debug|x64.Build.0 = Debug|Any CPU
		{295509CF-7253-44DC-95A6-811452C00823}.Debug|x86.ActiveCfg = Debug|Any CPU
		{295509CF-7253-44DC-95A6-811452C00823}.Debug|x86.Build.0 = Debug|Any CPU
		{295509CF-7253-44DC-95A6-811452C00823}.Release|Any CPU.ActiveCfg = Release|Any CPU
		{295509CF-7253-44DC-95A6-811452C00823}.Release|Any CPU.Build.0 = Release|Any CPU
		{295509CF-7253-44DC-95A6-811452C00823}.Release|x64.ActiveCfg = Release|Any CPU
		{295509CF-7253-44DC-95A6-811452C00823}.Release|x64.Build.0 = Release|Any CPU
		{295509CF-7253-44DC-95A6-811452C00823}.Release|x86.ActiveCfg = Release|Any CPU
		{295509CF-7253-44DC-95A6-811452C00823}.Release|x86.Build.0 = Release|Any CPU
		{0E1A6852-BE20-4FC3-99C8-B1B64EF24A98}.Debug|Any CPU.ActiveCfg = Debug|Any CPU
		{0E1A6852-BE20-4FC3-99C8-B1B64EF24A98}.Debug|Any CPU.Build.0 = Debug|Any CPU
		{0E1A6852-BE20-4FC3-99C8-B1B64EF24A98}.Debug|x64.ActiveCfg = Debug|Any CPU
		{0E1A6852-BE20-4FC3-99C8-B1B64EF24A98}.Debug|x64.Build.0 = Debug|Any CPU
		{0E1A6852-BE20-4FC3-99C8-B1B64EF24A98}.Debug|x86.ActiveCfg = Debug|Any CPU
		{0E1A6852-BE20-4FC3-99C8-B1B64EF24A98}.Debug|x86.Build.0 = Debug|Any CPU
		{0E1A6852-BE20-4FC3-99C8-B1B64EF24A98}.Release|Any CPU.ActiveCfg = Release|Any CPU
		{0E1A6852-BE20-4FC3-99C8-B1B64EF24A98}.Release|Any CPU.Build.0 = Release|Any CPU
		{0E1A6852-BE20-4FC3-99C8-B1B64EF24A98}.Release|x64.ActiveCfg = Release|Any CPU
		{0E1A6852-BE20-4FC3-99C8-B1B64EF24A98}.Release|x64.Build.0 = Release|Any CPU
		{0E1A6852-BE20-4FC3-99C8-B1B64EF24A98}.Release|x86.ActiveCfg = Release|Any CPU
		{0E1A6852-BE20-4FC3-99C8-B1B64EF24A98}.Release|x86.Build.0 = Release|Any CPU
		{0032878B-420A-4CA0-B6B9-4427EE5B8A0D}.Debug|Any CPU.ActiveCfg = Debug|Any CPU
		{0032878B-420A-4CA0-B6B9-4427EE5B8A0D}.Debug|Any CPU.Build.0 = Debug|Any CPU
		{0032878B-420A-4CA0-B6B9-4427EE5B8A0D}.Debug|x64.ActiveCfg = Debug|Any CPU
		{0032878B-420A-4CA0-B6B9-4427EE5B8A0D}.Debug|x64.Build.0 = Debug|Any CPU
		{0032878B-420A-4CA0-B6B9-4427EE5B8A0D}.Debug|x86.ActiveCfg = Debug|Any CPU
		{0032878B-420A-4CA0-B6B9-4427EE5B8A0D}.Debug|x86.Build.0 = Debug|Any CPU
		{0032878B-420A-4CA0-B6B9-4427EE5B8A0D}.Release|Any CPU.ActiveCfg = Release|Any CPU
		{0032878B-420A-4CA0-B6B9-4427EE5B8A0D}.Release|Any CPU.Build.0 = Release|Any CPU
		{0032878B-420A-4CA0-B6B9-4427EE5B8A0D}.Release|x64.ActiveCfg = Release|Any CPU
		{0032878B-420A-4CA0-B6B9-4427EE5B8A0D}.Release|x64.Build.0 = Release|Any CPU
		{0032878B-420A-4CA0-B6B9-4427EE5B8A0D}.Release|x86.ActiveCfg = Release|Any CPU
		{0032878B-420A-4CA0-B6B9-4427EE5B8A0D}.Release|x86.Build.0 = Release|Any CPU
		{967B803C-0095-468F-9DB1-2EBE8587F10F}.Debug|Any CPU.ActiveCfg = Debug|Any CPU
		{967B803C-0095-468F-9DB1-2EBE8587F10F}.Debug|Any CPU.Build.0 = Debug|Any CPU
		{967B803C-0095-468F-9DB1-2EBE8587F10F}.Debug|x64.ActiveCfg = Debug|Any CPU
		{967B803C-0095-468F-9DB1-2EBE8587F10F}.Debug|x64.Build.0 = Debug|Any CPU
		{967B803C-0095-468F-9DB1-2EBE8587F10F}.Debug|x86.ActiveCfg = Debug|Any CPU
		{967B803C-0095-468F-9DB1-2EBE8587F10F}.Debug|x86.Build.0 = Debug|Any CPU
		{967B803C-0095-468F-9DB1-2EBE8587F10F}.Release|Any CPU.ActiveCfg = Release|Any CPU
		{967B803C-0095-468F-9DB1-2EBE8587F10F}.Release|Any CPU.Build.0 = Release|Any CPU
		{967B803C-0095-468F-9DB1-2EBE8587F10F}.Release|x64.ActiveCfg = Release|Any CPU
		{967B803C-0095-468F-9DB1-2EBE8587F10F}.Release|x64.Build.0 = Release|Any CPU
		{967B803C-0095-468F-9DB1-2EBE8587F10F}.Release|x86.ActiveCfg = Release|Any CPU
		{967B803C-0095-468F-9DB1-2EBE8587F10F}.Release|x86.Build.0 = Release|Any CPU
		{DC4BBCE8-8EE5-44AF-AC28-807984556A7D}.Debug|Any CPU.ActiveCfg = Debug|Any CPU
		{DC4BBCE8-8EE5-44AF-AC28-807984556A7D}.Debug|Any CPU.Build.0 = Debug|Any CPU
		{DC4BBCE8-8EE5-44AF-AC28-807984556A7D}.Debug|x64.ActiveCfg = Debug|Any CPU
		{DC4BBCE8-8EE5-44AF-AC28-807984556A7D}.Debug|x64.Build.0 = Debug|Any CPU
		{DC4BBCE8-8EE5-44AF-AC28-807984556A7D}.Debug|x86.ActiveCfg = Debug|Any CPU
		{DC4BBCE8-8EE5-44AF-AC28-807984556A7D}.Debug|x86.Build.0 = Debug|Any CPU
		{DC4BBCE8-8EE5-44AF-AC28-807984556A7D}.Release|Any CPU.ActiveCfg = Release|Any CPU
		{DC4BBCE8-8EE5-44AF-AC28-807984556A7D}.Release|Any CPU.Build.0 = Release|Any CPU
		{DC4BBCE8-8EE5-44AF-AC28-807984556A7D}.Release|x64.ActiveCfg = Release|Any CPU
		{DC4BBCE8-8EE5-44AF-AC28-807984556A7D}.Release|x64.Build.0 = Release|Any CPU
		{DC4BBCE8-8EE5-44AF-AC28-807984556A7D}.Release|x86.ActiveCfg = Release|Any CPU
		{DC4BBCE8-8EE5-44AF-AC28-807984556A7D}.Release|x86.Build.0 = Release|Any CPU
		{73855B63-A00F-40F1-8616-C81C915E150A}.Debug|Any CPU.ActiveCfg = Debug|Any CPU
		{73855B63-A00F-40F1-8616-C81C915E150A}.Debug|Any CPU.Build.0 = Debug|Any CPU
		{73855B63-A00F-40F1-8616-C81C915E150A}.Debug|x64.ActiveCfg = Debug|Any CPU
		{73855B63-A00F-40F1-8616-C81C915E150A}.Debug|x64.Build.0 = Debug|Any CPU
		{73855B63-A00F-40F1-8616-C81C915E150A}.Debug|x86.ActiveCfg = Debug|Any CPU
		{73855B63-A00F-40F1-8616-C81C915E150A}.Debug|x86.Build.0 = Debug|Any CPU
		{73855B63-A00F-40F1-8616-C81C915E150A}.Release|Any CPU.ActiveCfg = Release|Any CPU
		{73855B63-A00F-40F1-8616-C81C915E150A}.Release|Any CPU.Build.0 = Release|Any CPU
		{73855B63-A00F-40F1-8616-C81C915E150A}.Release|x64.ActiveCfg = Release|Any CPU
		{73855B63-A00F-40F1-8616-C81C915E150A}.Release|x64.Build.0 = Release|Any CPU
		{73855B63-A00F-40F1-8616-C81C915E150A}.Release|x86.ActiveCfg = Release|Any CPU
		{73855B63-A00F-40F1-8616-C81C915E150A}.Release|x86.Build.0 = Release|Any CPU
		{CC8AA844-4FC3-48B9-815D-7EE0F1987F82}.Debug|Any CPU.ActiveCfg = Debug|Any CPU
		{CC8AA844-4FC3-48B9-815D-7EE0F1987F82}.Debug|Any CPU.Build.0 = Debug|Any CPU
		{CC8AA844-4FC3-48B9-815D-7EE0F1987F82}.Debug|x64.ActiveCfg = Debug|Any CPU
		{CC8AA844-4FC3-48B9-815D-7EE0F1987F82}.Debug|x64.Build.0 = Debug|Any CPU
		{CC8AA844-4FC3-48B9-815D-7EE0F1987F82}.Debug|x86.ActiveCfg = Debug|Any CPU
		{CC8AA844-4FC3-48B9-815D-7EE0F1987F82}.Debug|x86.Build.0 = Debug|Any CPU
		{CC8AA844-4FC3-48B9-815D-7EE0F1987F82}.Release|Any CPU.ActiveCfg = Release|Any CPU
		{CC8AA844-4FC3-48B9-815D-7EE0F1987F82}.Release|Any CPU.Build.0 = Release|Any CPU
		{CC8AA844-4FC3-48B9-815D-7EE0F1987F82}.Release|x64.ActiveCfg = Release|Any CPU
		{CC8AA844-4FC3-48B9-815D-7EE0F1987F82}.Release|x64.Build.0 = Release|Any CPU
		{CC8AA844-4FC3-48B9-815D-7EE0F1987F82}.Release|x86.ActiveCfg = Release|Any CPU
		{CC8AA844-4FC3-48B9-815D-7EE0F1987F82}.Release|x86.Build.0 = Release|Any CPU
	EndGlobalSection
	GlobalSection(SolutionProperties) = preSolution
		HideSolutionNode = FALSE
	EndGlobalSection
	GlobalSection(NestedProjects) = preSolution
		{08A38C58-F095-48F8-84D7-5039C378026C} = {7AF5CA7A-12BB-4D22-AC29-771D5A2FCF37}
		{295509CF-7253-44DC-95A6-811452C00823} = {608830FA-C561-4AE4-AF48-43C5C5363AB8}
		{0E1A6852-BE20-4FC3-99C8-B1B64EF24A98} = {7AF5CA7A-12BB-4D22-AC29-771D5A2FCF37}
		{0032878B-420A-4CA0-B6B9-4427EE5B8A0D} = {7AF5CA7A-12BB-4D22-AC29-771D5A2FCF37}
		{967B803C-0095-468F-9DB1-2EBE8587F10F} = {7AF5CA7A-12BB-4D22-AC29-771D5A2FCF37}
		{DC4BBCE8-8EE5-44AF-AC28-807984556A7D} = {608830FA-C561-4AE4-AF48-43C5C5363AB8}
		{73855B63-A00F-40F1-8616-C81C915E150A} = {608830FA-C561-4AE4-AF48-43C5C5363AB8}
		{CC8AA844-4FC3-48B9-815D-7EE0F1987F82} = {608830FA-C561-4AE4-AF48-43C5C5363AB8}
	EndGlobalSection
EndGlobal
