
Microsoft Visual Studio Solution File, Format Version 12.00
# Visual Studio Version 17
VisualStudioVersion = 17.0.31903.59
MinimumVisualStudioVersion = 10.0.40219.1
Project("{2150E333-8FDC-42A3-9474-1A3956D46DE8}") = "src", "src", "{3E666900-DD7B-4312-B5CE-764D28A4C773}"
EndProject
Project("{FAE04EC0-301F-11D3-BF4B-00C04F79EFBC}") = "Agon.Domain", "src\Agon.Domain\Agon.Domain.csproj", "{254622DC-1AC1-4C90-BCFF-64767292FF28}"
EndProject
Project("{FAE04EC0-301F-11D3-BF4B-00C04F79EFBC}") = "Agon.Application", "src\Agon.Application\Agon.Application.csproj", "{0A51A694-06CB-4616-BE8B-BC25149633DA}"
EndProject
Project("{2150E333-8FDC-42A3-9474-1A3956D46DE8}") = "tests", "tests", "{1DFC9EB0-FA9D-4A72-98AC-C93B2E6D3662}"
EndProject
Project("{FAE04EC0-301F-11D3-BF4B-00C04F79EFBC}") = "Agon.Domain.Tests", "tests\Agon.Domain.Tests\Agon.Domain.Tests.csproj", "{3C8C517B-5770-476E-9F8B-49C92576E432}"
EndProject
Project("{FAE04EC0-301F-11D3-BF4B-00C04F79EFBC}") = "Agon.Application.Tests", "tests\Agon.Application.Tests\Agon.Application.Tests.csproj", "{4A78E9A1-BF06-47B8-A4FE-F1A6D06DD3D5}"
EndProject
Project("{FAE04EC0-301F-11D3-BF4B-00C04F79EFBC}") = "Agon.Infrastructure", "src\Agon.Infrastructure\Agon.Infrastructure.csproj", "{E0A4BCCE-367D-4909-B344-FB0DF222DA0F}"
EndProject
Project("{FAE04EC0-301F-11D3-BF4B-00C04F79EFBC}") = "Agon.Infrastructure.Tests", "tests\Agon.Infrastructure.Tests\Agon.Infrastructure.Tests.csproj", "{F5773ABE-FDF7-4736-85CB-F8FDFBED4D37}"
EndProject
Project("{FAE04EC0-301F-11D3-BF4B-00C04F79EFBC}") = "Agon.Api", "src\Agon.Api\Agon.Api.csproj", "{0B77BDBA-068F-4379-969E-7A0211A4F90A}"
EndProject
Project("{FAE04EC0-301F-11D3-BF4B-00C04F79EFBC}") = "Agon.Integration.Tests", "tests\Agon.Integration.Tests\Agon.Integration.Tests.csproj", "{99A2F317-1E69-414D-8845-C49F8BCB9416}"
EndProject
Project("{FAE04EC0-301F-11D3-BF4B-00C04F79EFBC}") = "Agon.Api.Tests", "tests\Agon.Api.Tests\Agon.Api.Tests.csproj", "{45A20D58-7AE1-41CD-85E9-30C8935E0A14}"
EndProject
Global
	GlobalSection(SolutionConfigurationPlatforms) = preSolution
		Debug|Any CPU = Debug|Any CPU
		Debug|x64 = Debug|x64
		Debug|x86 = Debug|x86
		Release|Any CPU = Release|Any CPU
		Release|x64 = Release|x64
		Release|x86 = Release|x86
	EndGlobalSection
	GlobalSection(ProjectConfigurationPlatforms) = postSolution
		{254622DC-1AC1-4C90-BCFF-64767292FF28}.Debug|Any CPU.ActiveCfg = Debug|Any CPU
		{254622DC-1AC1-4C90-BCFF-64767292FF28}.Debug|Any CPU.Build.0 = Debug|Any CPU
		{254622DC-1AC1-4C90-BCFF-64767292FF28}.Debug|x64.ActiveCfg = Debug|Any CPU
		{254622DC-1AC1-4C90-BCFF-64767292FF28}.Debug|x64.Build.0 = Debug|Any CPU
		{254622DC-1AC1-4C90-BCFF-64767292FF28}.Debug|x86.ActiveCfg = Debug|Any CPU
		{254622DC-1AC1-4C90-BCFF-64767292FF28}.Debug|x86.Build.0 = Debug|Any CPU
		{254622DC-1AC1-4C90-BCFF-64767292FF28}.Release|Any CPU.ActiveCfg = Release|Any CPU
		{254622DC-1AC1-4C90-BCFF-64767292FF28}.Release|Any CPU.Build.0 = Release|Any CPU
		{254622DC-1AC1-4C90-BCFF-64767292FF28}.Release|x64.ActiveCfg = Release|Any CPU
		{254622DC-1AC1-4C90-BCFF-64767292FF28}.Release|x64.Build.0 = Release|Any CPU
		{254622DC-1AC1-4C90-BCFF-64767292FF28}.Release|x86.ActiveCfg = Release|Any CPU
		{254622DC-1AC1-4C90-BCFF-64767292FF28}.Release|x86.Build.0 = Release|Any CPU
		{0A51A694-06CB-4616-BE8B-BC25149633DA}.Debug|Any CPU.ActiveCfg = Debug|Any CPU
		{0A51A694-06CB-4616-BE8B-BC25149633DA}.Debug|Any CPU.Build.0 = Debug|Any CPU
		{0A51A694-06CB-4616-BE8B-BC25149633DA}.Debug|x64.ActiveCfg = Debug|Any CPU
		{0A51A694-06CB-4616-BE8B-BC25149633DA}.Debug|x64.Build.0 = Debug|Any CPU
		{0A51A694-06CB-4616-BE8B-BC25149633DA}.Debug|x86.ActiveCfg = Debug|Any CPU
		{0A51A694-06CB-4616-BE8B-BC25149633DA}.Debug|x86.Build.0 = Debug|Any CPU
		{0A51A694-06CB-4616-BE8B-BC25149633DA}.Release|Any CPU.ActiveCfg = Release|Any CPU
		{0A51A694-06CB-4616-BE8B-BC25149633DA}.Release|Any CPU.Build.0 = Release|Any CPU
		{0A51A694-06CB-4616-BE8B-BC25149633DA}.Release|x64.ActiveCfg = Release|Any CPU
		{0A51A694-06CB-4616-BE8B-BC25149633DA}.Release|x64.Build.0 = Release|Any CPU
		{0A51A694-06CB-4616-BE8B-BC25149633DA}.Release|x86.ActiveCfg = Release|Any CPU
		{0A51A694-06CB-4616-BE8B-BC25149633DA}.Release|x86.Build.0 = Release|Any CPU
		{3C8C517B-5770-476E-9F8B-49C92576E432}.Debug|Any CPU.ActiveCfg = Debug|Any CPU
		{3C8C517B-5770-476E-9F8B-49C92576E432}.Debug|Any CPU.Build.0 = Debug|Any CPU
		{3C8C517B-5770-476E-9F8B-49C92576E432}.Debug|x64.ActiveCfg = Debug|Any CPU
		{3C8C517B-5770-476E-9F8B-49C92576E432}.Debug|x64.Build.0 = Debug|Any CPU
		{3C8C517B-5770-476E-9F8B-49C92576E432}.Debug|x86.ActiveCfg = Debug|Any CPU
		{3C8C517B-5770-476E-9F8B-49C92576E432}.Debug|x86.Build.0 = Debug|Any CPU
		{3C8C517B-5770-476E-9F8B-49C92576E432}.Release|Any CPU.ActiveCfg = Release|Any CPU
		{3C8C517B-5770-476E-9F8B-49C92576E432}.Release|Any CPU.Build.0 = Release|Any CPU
		{3C8C517B-5770-476E-9F8B-49C92576E432}.Release|x64.ActiveCfg = Release|Any CPU
		{3C8C517B-5770-476E-9F8B-49C92576E432}.Release|x64.Build.0 = Release|Any CPU
		{3C8C517B-5770-476E-9F8B-49C92576E432}.Release|x86.ActiveCfg = Release|Any CPU
		{3C8C517B-5770-476E-9F8B-49C92576E432}.Release|x86.Build.0 = Release|Any CPU
		{4A78E9A1-BF06-47B8-A4FE-F1A6D06DD3D5}.Debug|Any CPU.ActiveCfg = Debug|Any CPU
		{4A78E9A1-BF06-47B8-A4FE-F1A6D06DD3D5}.Debug|Any CPU.Build.0 = Debug|Any CPU
		{4A78E9A1-BF06-47B8-A4FE-F1A6D06DD3D5}.Debug|x64.ActiveCfg = Debug|Any CPU
		{4A78E9A1-BF06-47B8-A4FE-F1A6D06DD3D5}.Debug|x64.Build.0 = Debug|Any CPU
		{4A78E9A1-BF06-47B8-A4FE-F1A6D06DD3D5}.Debug|x86.ActiveCfg = Debug|Any CPU
		{4A78E9A1-BF06-47B8-A4FE-F1A6D06DD3D5}.Debug|x86.Build.0 = Debug|Any CPU
		{4A78E9A1-BF06-47B8-A4FE-F1A6D06DD3D5}.Release|Any CPU.ActiveCfg = Release|Any CPU
		{4A78E9A1-BF06-47B8-A4FE-F1A6D06DD3D5}.Release|Any CPU.Build.0 = Release|Any CPU
		{4A78E9A1-BF06-47B8-A4FE-F1A6D06DD3D5}.Release|x64.ActiveCfg = Release|Any CPU
		{4A78E9A1-BF06-47B8-A4FE-F1A6D06DD3D5}.Release|x64.Build.0 = Release|Any CPU
		{4A78E9A1-BF06-47B8-A4FE-F1A6D06DD3D5}.Release|x86.ActiveCfg = Release|Any CPU
		{4A78E9A1-BF06-47B8-A4FE-F1A6D06DD3D5}.Release|x86.Build.0 = Release|Any CPU
		{E0A4BCCE-367D-4909-B344-FB0DF222DA0F}.Debug|Any CPU.ActiveCfg = Debug|Any CPU
		{E0A4BCCE-367D-4909-B344-FB0DF222DA0F}.Debug|Any CPU.Build.0 = Debug|Any CPU
		{E0A4BCCE-367D-4909-B344-FB0DF222DA0F}.Debug|x64.ActiveCfg = Debug|Any CPU
		{E0A4BCCE-367D-4909-B344-FB0DF222DA0F}.Debug|x64.Build.0 = Debug|Any CPU
		{E0A4BCCE-367D-4909-B344-FB0DF222DA0F}.Debug|x86.ActiveCfg = Debug|Any CPU
		{E0A4BCCE-367D-4909-B344-FB0DF222DA0F}.Debug|x86.Build.0 = Debug|Any CPU
		{E0A4BCCE-367D-4909-B344-FB0DF222DA0F}.Release|Any CPU.ActiveCfg = Release|Any CPU
		{E0A4BCCE-367D-4909-B344-FB0DF222DA0F}.Release|Any CPU.Build.0 = Release|Any CPU
		{E0A4BCCE-367D-4909-B344-FB0DF222DA0F}.Release|x64.ActiveCfg = Release|Any CPU
		{E0A4BCCE-367D-4909-B344-FB0DF222DA0F}.Release|x64.Build.0 = Release|Any CPU
		{E0A4BCCE-367D-4909-B344-FB0DF222DA0F}.Release|x86.ActiveCfg = Release|Any CPU
		{E0A4BCCE-367D-4909-B344-FB0DF222DA0F}.Release|x86.Build.0 = Release|Any CPU
		{F5773ABE-FDF7-4736-85CB-F8FDFBED4D37}.Debug|Any CPU.ActiveCfg = Debug|Any CPU
		{F5773ABE-FDF7-4736-85CB-F8FDFBED4D37}.Debug|Any CPU.Build.0 = Debug|Any CPU
		{F5773ABE-FDF7-4736-85CB-F8FDFBED4D37}.Debug|x64.ActiveCfg = Debug|Any CPU
		{F5773ABE-FDF7-4736-85CB-F8FDFBED4D37}.Debug|x64.Build.0 = Debug|Any CPU
		{F5773ABE-FDF7-4736-85CB-F8FDFBED4D37}.Debug|x86.ActiveCfg = Debug|Any CPU
		{F5773ABE-FDF7-4736-85CB-F8FDFBED4D37}.Debug|x86.Build.0 = Debug|Any CPU
		{F5773ABE-FDF7-4736-85CB-F8FDFBED4D37}.Release|Any CPU.ActiveCfg = Release|Any CPU
		{F5773ABE-FDF7-4736-85CB-F8FDFBED4D37}.Release|Any CPU.Build.0 = Release|Any CPU
		{F5773ABE-FDF7-4736-85CB-F8FDFBED4D37}.Release|x64.ActiveCfg = Release|Any CPU
		{F5773ABE-FDF7-4736-85CB-F8FDFBED4D37}.Release|x64.Build.0 = Release|Any CPU
		{F5773ABE-FDF7-4736-85CB-F8FDFBED4D37}.Release|x86.ActiveCfg = Release|Any CPU
		{F5773ABE-FDF7-4736-85CB-F8FDFBED4D37}.Release|x86.Build.0 = Release|Any CPU
		{0B77BDBA-068F-4379-969E-7A0211A4F90A}.Debug|Any CPU.ActiveCfg = Debug|Any CPU
		{0B77BDBA-068F-4379-969E-7A0211A4F90A}.Debug|Any CPU.Build.0 = Debug|Any CPU
		{0B77BDBA-068F-4379-969E-7A0211A4F90A}.Debug|x64.ActiveCfg = Debug|Any CPU
		{0B77BDBA-068F-4379-969E-7A0211A4F90A}.Debug|x64.Build.0 = Debug|Any CPU
		{0B77BDBA-068F-4379-969E-7A0211A4F90A}.Debug|x86.ActiveCfg = Debug|Any CPU
		{0B77BDBA-068F-4379-969E-7A0211A4F90A}.Debug|x86.Build.0 = Debug|Any CPU
		{0B77BDBA-068F-4379-969E-7A0211A4F90A}.Release|Any CPU.ActiveCfg = Release|Any CPU
		{0B77BDBA-068F-4379-969E-7A0211A4F90A}.Release|Any CPU.Build.0 = Release|Any CPU
		{0B77BDBA-068F-4379-969E-7A0211A4F90A}.Release|x64.ActiveCfg = Release|Any CPU
		{0B77BDBA-068F-4379-969E-7A0211A4F90A}.Release|x64.Build.0 = Release|Any CPU
		{0B77BDBA-068F-4379-969E-7A0211A4F90A}.Release|x86.ActiveCfg = Release|Any CPU
		{0B77BDBA-068F-4379-969E-7A0211A4F90A}.Release|x86.Build.0 = Release|Any CPU
		{99A2F317-1E69-414D-8845-C49F8BCB9416}.Debug|Any CPU.ActiveCfg = Debug|Any CPU
		{99A2F317-1E69-414D-8845-C49F8BCB9416}.Debug|Any CPU.Build.0 = Debug|Any CPU
		{99A2F317-1E69-414D-8845-C49F8BCB9416}.Debug|x64.ActiveCfg = Debug|Any CPU
		{99A2F317-1E69-414D-8845-C49F8BCB9416}.Debug|x64.Build.0 = Debug|Any CPU
		{99A2F317-1E69-414D-8845-C49F8BCB9416}.Debug|x86.ActiveCfg = Debug|Any CPU
		{99A2F317-1E69-414D-8845-C49F8BCB9416}.Debug|x86.Build.0 = Debug|Any CPU
		{99A2F317-1E69-414D-8845-C49F8BCB9416}.Release|Any CPU.ActiveCfg = Release|Any CPU
		{99A2F317-1E69-414D-8845-C49F8BCB9416}.Release|Any CPU.Build.0 = Release|Any CPU
		{99A2F317-1E69-414D-8845-C49F8BCB9416}.Release|x64.ActiveCfg = Release|Any CPU
		{99A2F317-1E69-414D-8845-C49F8BCB9416}.Release|x64.Build.0 = Release|Any CPU
		{99A2F317-1E69-414D-8845-C49F8BCB9416}.Release|x86.ActiveCfg = Release|Any CPU
		{99A2F317-1E69-414D-8845-C49F8BCB9416}.Release|x86.Build.0 = Release|Any CPU
		{45A20D58-7AE1-41CD-85E9-30C8935E0A14}.Debug|Any CPU.ActiveCfg = Debug|Any CPU
		{45A20D58-7AE1-41CD-85E9-30C8935E0A14}.Debug|Any CPU.Build.0 = Debug|Any CPU
		{45A20D58-7AE1-41CD-85E9-30C8935E0A14}.Debug|x64.ActiveCfg = Debug|Any CPU
		{45A20D58-7AE1-41CD-85E9-30C8935E0A14}.Debug|x64.Build.0 = Debug|Any CPU
		{45A20D58-7AE1-41CD-85E9-30C8935E0A14}.Debug|x86.ActiveCfg = Debug|Any CPU
		{45A20D58-7AE1-41CD-85E9-30C8935E0A14}.Debug|x86.Build.0 = Debug|Any CPU
		{45A20D58-7AE1-41CD-85E9-30C8935E0A14}.Release|Any CPU.ActiveCfg = Release|Any CPU
		{45A20D58-7AE1-41CD-85E9-30C8935E0A14}.Release|Any CPU.Build.0 = Release|Any CPU
		{45A20D58-7AE1-41CD-85E9-30C8935E0A14}.Release|x64.ActiveCfg = Release|Any CPU
		{45A20D58-7AE1-41CD-85E9-30C8935E0A14}.Release|x64.Build.0 = Release|Any CPU
		{45A20D58-7AE1-41CD-85E9-30C8935E0A14}.Release|x86.ActiveCfg = Release|Any CPU
		{45A20D58-7AE1-41CD-85E9-30C8935E0A14}.Release|x86.Build.0 = Release|Any CPU
	EndGlobalSection
	GlobalSection(SolutionProperties) = preSolution
		HideSolutionNode = FALSE
	EndGlobalSection
	GlobalSection(NestedProjects) = preSolution
		{254622DC-1AC1-4C90-BCFF-64767292FF28} = {3E666900-DD7B-4312-B5CE-764D28A4C773}
		{0A51A694-06CB-4616-BE8B-BC25149633DA} = {3E666900-DD7B-4312-B5CE-764D28A4C773}
		{3C8C517B-5770-476E-9F8B-49C92576E432} = {1DFC9EB0-FA9D-4A72-98AC-C93B2E6D3662}
		{4A78E9A1-BF06-47B8-A4FE-F1A6D06DD3D5} = {1DFC9EB0-FA9D-4A72-98AC-C93B2E6D3662}
		{E0A4BCCE-367D-4909-B344-FB0DF222DA0F} = {3E666900-DD7B-4312-B5CE-764D28A4C773}
		{F5773ABE-FDF7-4736-85CB-F8FDFBED4D37} = {1DFC9EB0-FA9D-4A72-98AC-C93B2E6D3662}
		{0B77BDBA-068F-4379-969E-7A0211A4F90A} = {3E666900-DD7B-4312-B5CE-764D28A4C773}
		{99A2F317-1E69-414D-8845-C49F8BCB9416} = {1DFC9EB0-FA9D-4A72-98AC-C93B2E6D3662}
		{45A20D58-7AE1-41CD-85E9-30C8935E0A14} = {1DFC9EB0-FA9D-4A72-98AC-C93B2E6D3662}
	EndGlobalSection
EndGlobal
